{
  "name": "shrink",
  "version": "1.0.0",
  "lockfileVersion": 3,
  "requires": true,
  "packages": {
    "": {
      "name": "shrink",
      "version": "1.0.0",
      "license": "ISC",
      "dependencies": {
        "lodash": "^4.17.21"
      },
      "devDependencies": {
        "@boundaryml/baml": "^0.84.4",
        "@types/lodash": "^4.17.16",
        "@types/node": "^22.14.1",
        "commander": "^13.1.0",
        "typescript": "^5.8.3"
      }
    },
    "node_modules/@boundaryml/baml": {
      "version": "0.84.4",
      "resolved": "https://registry.npmjs.org/@boundaryml/baml/-/baml-0.84.4.tgz",
      "integrity": "sha512-UFqNOEmse5/zUZh6ipqOhDNqkC8ujVllgBD+gW/p5vbVWObifY4ibxTrbVVeSj9iR04hZU+m2pprQBok+vefwA==",
      "dev": true,
      "license": "MIT",
      "dependencies": {
        "@scarf/scarf": "^1.3.0"
      },
      "bin": {
        "baml-cli": "cli.js"
      },
      "engines": {
        "node": ">= 10"
      },
      "optionalDependencies": {
        "@boundaryml/baml-darwin-arm64": "0.84.4",
        "@boundaryml/baml-darwin-x64": "0.84.4",
        "@boundaryml/baml-linux-arm64-gnu": "0.84.4",
        "@boundaryml/baml-linux-arm64-musl": "0.84.4",
        "@boundaryml/baml-linux-x64-gnu": "0.84.4",
        "@boundaryml/baml-linux-x64-musl": "0.84.4",
        "@boundaryml/baml-win32-x64-msvc": "0.84.4"
      }
    },
    "node_modules/@boundaryml/baml-darwin-arm64": {
      "version": "0.84.4",
      "resolved": "https://registry.npmjs.org/@boundaryml/baml-darwin-arm64/-/baml-darwin-arm64-0.84.4.tgz",
      "integrity": "sha512-/FUCVbZtKxXnODgMVjtd1EruhOsHMfjT++aOwZQmjBRCpGYHghSTkwAEoTpMfzD2eQG9JQyVF/tmGY2lr5P+6A==",
      "cpu": [
        "arm64"
      ],
      "dev": true,
      "license": "MIT",
      "optional": true,
      "os": [
        "darwin"
      ],
      "engines": {
        "node": ">= 10"
      }
    },
    "node_modules/@boundaryml/baml-darwin-x64": {
      "version": "0.84.4",
      "resolved": "https://registry.npmjs.org/@boundaryml/baml-darwin-x64/-/baml-darwin-x64-0.84.4.tgz",
      "integrity": "sha512-h3qN+57dSWFlQYaz3UVjh1uWvhcA+cackwjV+lspukZglG8BJNg6vIBBEO5S4sN0kSYuGgpmPYkBqPAe5UT4ow==",
      "cpu": [
        "x64"
      ],
      "dev": true,
      "license": "MIT",
      "optional": true,
      "os": [
        "darwin"
      ],
      "engines": {
        "node": ">= 10"
      }
    },
    "node_modules/@boundaryml/baml-linux-arm64-gnu": {
      "version": "0.84.4",
      "resolved": "https://registry.npmjs.org/@boundaryml/baml-linux-arm64-gnu/-/baml-linux-arm64-gnu-0.84.4.tgz",
      "integrity": "sha512-MdhMACCYdQEtlMjkA/HlyKq5S8gOJZs6Y/GhRn+gAMvtKAnhDi1E967+szShcbYF2jY5aM4aJruWv0/MrCMV1A==",
      "cpu": [
        "arm64"
      ],
      "dev": true,
      "license": "MIT",
      "optional": true,
      "os": [
        "linux"
      ],
      "engines": {
        "node": ">= 10"
      }
    },
    "node_modules/@boundaryml/baml-linux-arm64-musl": {
      "version": "0.84.4",
      "resolved": "https://registry.npmjs.org/@boundaryml/baml-linux-arm64-musl/-/baml-linux-arm64-musl-0.84.4.tgz",
      "integrity": "sha512-5CsDriI8APdVM+8iS+RmMwQfxybq9HJnKO0sl+Ye+rXCrfeJJfxDiTGjHVfS1mKLGrOfppXyA3nvordmD0W+6w==",
      "cpu": [
        "arm64"
      ],
      "dev": true,
      "license": "MIT",
      "optional": true,
      "os": [
        "linux"
      ],
      "engines": {
        "node": ">= 10"
      }
    },
    "node_modules/@boundaryml/baml-linux-x64-gnu": {
      "version": "0.84.4",
      "resolved": "https://registry.npmjs.org/@boundaryml/baml-linux-x64-gnu/-/baml-linux-x64-gnu-0.84.4.tgz",
      "integrity": "sha512-t5vHDn1FxlMz4yxGodmtG7oktofEJMzo/WgXdgAV1cHKMcJHcFh+W1SSh47pt+E12pPxEskScysFAWUIBbAxYQ==",
      "cpu": [
        "x64"
      ],
      "dev": true,
      "license": "MIT",
      "optional": true,
      "os": [
        "linux"
      ],
      "engines": {
        "node": ">= 10"
      }
    },
    "node_modules/@boundaryml/baml-linux-x64-musl": {
      "version": "0.84.4",
      "resolved": "https://registry.npmjs.org/@boundaryml/baml-linux-x64-musl/-/baml-linux-x64-musl-0.84.4.tgz",
      "integrity": "sha512-MjtHwV4t8MEgpAZeL0+388cGazC/xQZTRKq1G3fxGCaMVa6L4greW36hCRsuAvl5O8w0/YZ1Vm4yKhP+qmC6aw==",
      "cpu": [
        "x64"
      ],
      "dev": true,
      "license": "MIT",
      "optional": true,
      "os": [
        "linux"
      ],
      "engines": {
        "node": ">= 10"
      }
    },
    "node_modules/@boundaryml/baml-win32-x64-msvc": {
      "version": "0.84.4",
      "resolved": "https://registry.npmjs.org/@boundaryml/baml-win32-x64-msvc/-/baml-win32-x64-msvc-0.84.4.tgz",
      "integrity": "sha512-4Gb//FvLXXbWvQ994nMx/F3VLnfCaoOEFTBRvYfTU759uRwOWxIYoPBY31h7db+W/5Xv7wnEsLRgrrp4DNwHfw==",
      "cpu": [
        "x64"
      ],
      "dev": true,
      "license": "MIT",
      "optional": true,
      "os": [
        "win32"
      ],
      "engines": {
        "node": ">= 10"
      }
    },
    "node_modules/@scarf/scarf": {
      "version": "1.4.0",
      "resolved": "https://registry.npmjs.org/@scarf/scarf/-/scarf-1.4.0.tgz",
      "integrity": "sha512-xxeapPiUXdZAE3che6f3xogoJPeZgig6omHEy1rIY5WVsB3H2BHNnZH+gHG6x91SCWyQCzWGsuL2Hh3ClO5/qQ==",
      "dev": true,
      "hasInstallScript": true,
      "license": "Apache-2.0"
    },
    "node_modules/@types/lodash": {
      "version": "4.17.16",
      "resolved": "https://registry.npmjs.org/@types/lodash/-/lodash-4.17.16.tgz",
      "integrity": "sha512-HX7Em5NYQAXKW+1T+FiuG27NGwzJfCX3s1GjOa7ujxZa52kjJLOr4FUxT+giF6Tgxv1e+/czV/iTtBw27WTU9g==",
      "dev": true,
      "license": "MIT"
    },
    "node_modules/@types/node": {
      "version": "22.14.1",
      "resolved": "https://registry.npmjs.org/@types/node/-/node-22.14.1.tgz",
      "integrity": "sha512-u0HuPQwe/dHrItgHHpmw3N2fYCR6x4ivMNbPHRkBVP4CvN+kiRrKHWk3i8tXiO/joPwXLMYvF9TTF0eqgHIuOw==",
      "dev": true,
      "license": "MIT",
      "dependencies": {
        "undici-types": "~6.21.0"
      }
    },
    "node_modules/commander": {
      "version": "13.1.0",
      "resolved": "https://registry.npmjs.org/commander/-/commander-13.1.0.tgz",
      "integrity": "sha512-/rFeCpNJQbhSZjGVwO9RFV3xPqbnERS8MmIQzCtD/zl6gpJuV/bMLuN92oG3F7d8oDEHHRrujSXNUr8fpjntKw==",
      "dev": true,
      "license": "MIT",
      "engines": {
        "node": ">=18"
      }
    },
    "node_modules/lodash": {
      "version": "4.17.21",
      "resolved": "https://registry.npmjs.org/lodash/-/lodash-4.17.21.tgz",
      "integrity": "sha512-v2kDEe57lecTulaDIuNTPy3Ry4gLGJ6Z1O3vE1krgXZNrsQ+LFTGHVxVjcXPs17LhbZVGedAJv8XZ1tvj5FvSg==",
      "license": "MIT"
    },
    "node_modules/typescript": {
      "version": "5.8.3",
      "resolved": "https://registry.npmjs.org/typescript/-/typescript-5.8.3.tgz",
      "integrity": "sha512-p1diW6TqL9L07nNxvRMM7hMMw4c5XOo/1ibL4aAIGmSAt9slTE1Xgw5KWuof2uTOvCg9BY7ZRi+GaF+7sfgPeQ==",
      "dev": true,
      "license": "Apache-2.0",
      "bin": {
        "tsc": "bin/tsc",
        "tsserver": "bin/tsserver"
      },
      "engines": {
        "node": ">=14.17"
      }
    },
    "node_modules/undici-types": {
      "version": "6.21.0",
      "resolved": "https://registry.npmjs.org/undici-types/-/undici-types-6.21.0.tgz",
      "integrity": "sha512-iwDZqg0QAGrg9Rav5H4n0M64c3mkR59cJ6wQp+7C4nI0gsmExaedaYLNO44eT4AtBBwjbTiGPMlt2Md0T9H9JQ==",
      "dev": true,
      "license": "MIT"
    }
  }
}
